<?xml version="1.0" encoding="utf-8"?>
<Project ToolsVersion="4.0" xmlns="http://schemas.microsoft.com/developer/msbuild/2003">
  <ItemGroup>
    <Filter Include="Source Files">
      <UniqueIdentifier>{0267ec7e-f7f2-41e9-8b78-2e116133a03e}</UniqueIdentifier>
      <Extensions>cpp;c;cxx;rc;def;r;odl;idl;hpj;bat</Extensions>
    </Filter>
    <Filter Include="Header Files">
      <UniqueIdentifier>{aadcc4a5-36fa-4a25-a65a-1375c469927a}</UniqueIdentifier>
      <Extensions>h;hpp;hxx;hm;inl</Extensions>
    </Filter>
    <Filter Include="Resource Files">
      <UniqueIdentifier>{030a4c53-8d95-4aa3-bf73-ee4ada978c24}</UniqueIdentifier>
      <Extensions>ico;cur;bmp;dlg;rc2;rct;bin;rgs;gif;jpg;jpeg;jpe</Extensions>
    </Filter>
    <Filter Include="ClientHelpers">
      <UniqueIdentifier>{c5ca44fb-a6b3-4d51-a7c0-a12e8b2eb6d5}</UniqueIdentifier>
    </Filter>
    <Filter Include="Helpers">
      <UniqueIdentifier>{ba9fe131-2144-479b-92b7-342880e4d292}</UniqueIdentifier>
    </Filter>
  </ItemGroup>
  <ItemGroup>
    <ClCompile Include="AdmClientPipe.cpp">
      <Filter>Source Files</Filter>
    </ClCompile>
    <ClCompile Include="AdmCom.cpp">
      <Filter>Source Files</Filter>
    </ClCompile>
    <ClCompile Include="AdmComDlg.cpp">
      <Filter>Source Files</Filter>
    </ClCompile>
    <ClCompile Include="RmoListDlg.cpp">
      <Filter>Source Files</Filter>
    </ClCompile>
    <ClCompile Include="ServiceGroupDlg.cpp">
      <Filter>Source Files</Filter>
    </ClCompile>
    <ClCompile Include="SLDLG.cpp">
      <Filter>Source Files</Filter>
    </ClCompile>
    <ClCompile Include="StdAfx.cpp">
      <Filter>Source Files</Filter>
    </ClCompile>
    <ClCompile Include="..\TestClientPipe\ClientNamedPipe.cpp">
      <Filter>ClientHelpers</Filter>
    </ClCompile>
    <ClCompile Include="..\TBinaryData.cpp">
      <Filter>Helpers</Filter>
    </ClCompile>
    <ClCompile Include="..\Thread.cpp">
      <Filter>Helpers</Filter>
    </ClCompile>
    <ClCompile Include="..\TUIList.cpp">
      <Filter>Helpers</Filter>
    </ClCompile>
    <ClCompile Include="..\TZSSString.cpp">
      <Filter>Helpers</Filter>
    </ClCompile>
  </ItemGroup>
  <ItemGroup>
    <ResourceCompile Include="AdmCom.rc">
      <Filter>Source Files</Filter>
    </ResourceCompile>
  </ItemGroup>
  <ItemGroup>
    <ClInclude Include="AdmClientPipe.h">
      <Filter>Header Files</Filter>
    </ClInclude>
    <ClInclude Include="AdmCom.h">
      <Filter>Header Files</Filter>
    </ClInclude>
    <ClInclude Include="AdmComDlg.h">
      <Filter>Header Files</Filter>
    </ClInclude>
    <ClInclude Include="Resource.h">
      <Filter>Header Files</Filter>
    </ClInclude>
    <ClInclude Include="RmoListDlg.h">
      <Filter>Header Files</Filter>
    </ClInclude>
    <ClInclude Include="ServiceGroupDlg.h">
      <Filter>Header Files</Filter>
    </ClInclude>
    <ClInclude Include="SLDLG.h">
      <Filter>Header Files</Filter>
    </ClInclude>
    <ClInclude Include="StdAfx.h">
      <Filter>Header Files</Filter>
    </ClInclude>
    <ClInclude Include="..\TestClientPipe\ClientNamedPipe.h">
      <Filter>ClientHelpers</Filter>
    </ClInclude>
    <ClInclude Include="..\SRVCOMDEFINES.h">
      <Filter>Helpers</Filter>
    </ClInclude>
    <ClInclude Include="..\TFixedSizeBinaryData.hxx">
      <Filter>Helpers</Filter>
    </ClInclude>
    <ClInclude Include="..\Thread.h">
      <Filter>Helpers</Filter>
    </ClInclude>
    <ClInclude Include="..\TUIList.h">
      <Filter>Helpers</Filter>
    </ClInclude>
    <ClInclude Include="..\TZSSString.h">
      <Filter>Helpers</Filter>
    </ClInclude>
    <ClInclude Include="..\WSDEFINES.h">
      <Filter>Helpers</Filter>
    </ClInclude>
  </ItemGroup>
  <ItemGroup>
    <Image Include="res\AdmCom.ico">
      <Filter>Resource Files</Filter>
    </Image>
    <Image Include="res\icon1.ico">
      <Filter>Resource Files</Filter>
    </Image>
  </ItemGroup>
  <ItemGroup>
    <None Include="res\AdmCom.rc2">
      <Filter>Resource Files</Filter>
    </None>
  </ItemGroup>
  <ItemGroup>
    <Text Include="ReadMe.txt" />
  </ItemGroup>
</Project>