<?xml version="1.0" encoding="utf-8"?>
<Project ToolsVersion="4.0" xmlns="http://schemas.microsoft.com/developer/msbuild/2003">
  <ItemGroup>
    <Filter Include="Source Files">
      <UniqueIdentifier>{dd975685-b65c-40ca-a3e6-4d38c8ed64ba}</UniqueIdentifier>
      <Extensions>cpp;c;cxx;rc;def;r;odl;idl;hpj;bat</Extensions>
    </Filter>
    <Filter Include="Header Files">
      <UniqueIdentifier>{7895d732-05c3-4874-9565-30ad96e0ab88}</UniqueIdentifier>
      <Extensions>h;hpp;hxx;hm;inl</Extensions>
    </Filter>
    <Filter Include="Helpers">
      <UniqueIdentifier>{a6ddcc9f-de66-46b7-83ab-bc77386e19e9}</UniqueIdentifier>
      <Extensions>cpp;h</Extensions>
    </Filter>
    <Filter Include="Resource Files">
      <UniqueIdentifier>{d87cd86b-2436-49db-8a0c-69071aed740f}</UniqueIdentifier>
      <Extensions>ico;cur;bmp;dlg;rc2;rct;bin;rgs;gif;jpg;jpeg;jpe</Extensions>
    </Filter>
  </ItemGroup>
  <ItemGroup>
    <ClCompile Include="CallCenter.cpp">
      <Filter>Source Files</Filter>
    </ClCompile>
    <ClCompile Include="ConnectionServer.cpp">
      <Filter>Source Files</Filter>
    </ClCompile>
    <ClCompile Include="RMOSession.cpp">
      <Filter>Source Files</Filter>
    </ClCompile>
    <ClCompile Include="RMOWorkSet.cpp">
      <Filter>Source Files</Filter>
    </ClCompile>
    <ClCompile Include="ServiceGroup.cpp">
      <Filter>Source Files</Filter>
    </ClCompile>
    <ClCompile Include="SLWorkSet.cpp">
      <Filter>Source Files</Filter>
    </ClCompile>
    <ClCompile Include="StdAfx.cpp">
      <Filter>Source Files</Filter>
    </ClCompile>
    <ClCompile Include="SysOut.cpp">
      <Filter>Source Files</Filter>
    </ClCompile>
    <ClCompile Include="SystemKernel.cpp">
      <Filter>Source Files</Filter>
    </ClCompile>
    <ClCompile Include="SystemMessageQueueWithTimer.cpp">
      <Filter>Source Files</Filter>
    </ClCompile>
    <ClCompile Include="SystemObject.cpp">
      <Filter>Source Files</Filter>
    </ClCompile>
    <ClCompile Include="TBinaryData.cpp">
      <Filter>Helpers</Filter>
    </ClCompile>
    <ClCompile Include="Thread.cpp">
      <Filter>Helpers</Filter>
    </ClCompile>
    <ClCompile Include="TUIList.cpp">
      <Filter>Helpers</Filter>
    </ClCompile>
    <ClCompile Include="TZSSString.cpp">
      <Filter>Helpers</Filter>
    </ClCompile>
  </ItemGroup>
  <ItemGroup>
    <ClInclude Include="ConnectionServer.h">
      <Filter>Header Files</Filter>
    </ClInclude>
    <ClInclude Include="RMOSession.h">
      <Filter>Header Files</Filter>
    </ClInclude>
    <ClInclude Include="RMOWorkSet.h">
      <Filter>Header Files</Filter>
    </ClInclude>
    <ClInclude Include="ServiceGroup.h">
      <Filter>Header Files</Filter>
    </ClInclude>
    <ClInclude Include="SLWorkSet.h">
      <Filter>Header Files</Filter>
    </ClInclude>
    <ClInclude Include="StdAfx.h">
      <Filter>Header Files</Filter>
    </ClInclude>
    <ClInclude Include="SysOut.h">
      <Filter>Header Files</Filter>
    </ClInclude>
    <ClInclude Include="SystemKernel.h">
      <Filter>Header Files</Filter>
    </ClInclude>
    <ClInclude Include="SystemMessageQueueWithTimer.h">
      <Filter>Header Files</Filter>
    </ClInclude>
    <ClInclude Include="SystemObject.h">
      <Filter>Header Files</Filter>
    </ClInclude>
    <ClInclude Include="SRVCOMDEFINES.h">
      <Filter>Helpers</Filter>
    </ClInclude>
    <ClInclude Include="SYSKERNELDEFINES.h">
      <Filter>Helpers</Filter>
    </ClInclude>
    <ClInclude Include="TBinaryData.h">
      <Filter>Helpers</Filter>
    </ClInclude>
    <ClInclude Include="TFixedSizeBinaryData.hxx">
      <Filter>Helpers</Filter>
    </ClInclude>
    <ClInclude Include="Thread.h">
      <Filter>Helpers</Filter>
    </ClInclude>
    <ClInclude Include="TUIList.h">
      <Filter>Helpers</Filter>
    </ClInclude>
    <ClInclude Include="TZSSString.h">
      <Filter>Helpers</Filter>
    </ClInclude>
    <ClInclude Include="WSDEFINES.h">
      <Filter>Helpers</Filter>
    </ClInclude>
  </ItemGroup>
  <ItemGroup>
    <Text Include="ReadMe.txt" />
  </ItemGroup>
</Project>