<?xml version="1.0" encoding="utf-8"?>
<Project ToolsVersion="4.0" xmlns="http://schemas.microsoft.com/developer/msbuild/2003">
  <ItemGroup>
    <Filter Include="Source Files">
      <UniqueIdentifier>{d0faac46-f528-475f-84ef-c0a67fce7bc2}</UniqueIdentifier>
      <Extensions>cpp;c;cxx;rc;def;r;odl;idl;hpj;bat</Extensions>
    </Filter>
    <Filter Include="Header Files">
      <UniqueIdentifier>{97c818c8-ff9f-407a-bd86-b3248274f5a6}</UniqueIdentifier>
      <Extensions>h;hpp;hxx;hm;inl</Extensions>
    </Filter>
    <Filter Include="Resource Files">
      <UniqueIdentifier>{a8ea1017-9773-4d1f-b1c2-54ab5794dc58}</UniqueIdentifier>
      <Extensions>ico;cur;bmp;dlg;rc2;rct;bin;rgs;gif;jpg;jpeg;jpe</Extensions>
    </Filter>
  </ItemGroup>
  <ItemGroup>
    <ClCompile Include="FrameSet.cpp">
      <Filter>Source Files</Filter>
    </ClCompile>
    <ClCompile Include="LEDServer.cpp">
      <Filter>Source Files</Filter>
    </ClCompile>
    <ClCompile Include="Panel.cpp">
      <Filter>Source Files</Filter>
    </ClCompile>
    <ClCompile Include="PanelImage.cpp">
      <Filter>Source Files</Filter>
    </ClCompile>
    <ClCompile Include="ServiceModule.cpp">
      <Filter>Source Files</Filter>
    </ClCompile>
    <ClCompile Include="StdAfx.cpp">
      <Filter>Source Files</Filter>
    </ClCompile>
  </ItemGroup>
  <ItemGroup>
    <ResourceCompile Include="LEDServer.rc">
      <Filter>Source Files</Filter>
    </ResourceCompile>
  </ItemGroup>
  <ItemGroup>
    <ClInclude Include="FrameSet.h">
      <Filter>Header Files</Filter>
    </ClInclude>
    <ClInclude Include="LEDServer.h">
      <Filter>Header Files</Filter>
    </ClInclude>
    <ClInclude Include="..\pandef.h">
      <Filter>Header Files</Filter>
    </ClInclude>
    <ClInclude Include="Panel.h">
      <Filter>Header Files</Filter>
    </ClInclude>
    <ClInclude Include="PanelImage.h">
      <Filter>Header Files</Filter>
    </ClInclude>
    <ClInclude Include="Resource.h">
      <Filter>Header Files</Filter>
    </ClInclude>
    <ClInclude Include="ServiceModule.h">
      <Filter>Header Files</Filter>
    </ClInclude>
    <ClInclude Include="StdAfx.h">
      <Filter>Header Files</Filter>
    </ClInclude>
  </ItemGroup>
  <ItemGroup>
    <Text Include="ReadMe.txt" />
  </ItemGroup>
  <ItemGroup>
    <CustomBuild Include="task.tsk" />
  </ItemGroup>
</Project>