<?xml version="1.0" encoding="utf-8"?>
<Project ToolsVersion="4.0" xmlns="http://schemas.microsoft.com/developer/msbuild/2003">
  <ItemGroup>
    <Filter Include="Source Files">
      <UniqueIdentifier>{78069a0e-1636-42b5-a724-f77319c23fba}</UniqueIdentifier>
      <Extensions>cpp;c;cxx;rc;def;r;odl;idl;hpj;bat</Extensions>
    </Filter>
    <Filter Include="Header Files">
      <UniqueIdentifier>{2d35059e-6d35-4bce-a57e-be22f790afdf}</UniqueIdentifier>
      <Extensions>h;hpp;hxx;hm;inl</Extensions>
    </Filter>
    <Filter Include="Resource Files">
      <UniqueIdentifier>{d373084f-62c0-419b-abed-a8328280739a}</UniqueIdentifier>
      <Extensions>ico;cur;bmp;dlg;rc2;rct;bin;rgs;gif;jpg;jpeg;jpe</Extensions>
    </Filter>
    <Filter Include="Helpers">
      <UniqueIdentifier>{6dde4069-a673-4afa-9785-7740ef9c1ddf}</UniqueIdentifier>
      <Extensions>cpp;h</Extensions>
    </Filter>
    <Filter Include="ClientHelpers">
      <UniqueIdentifier>{98623b87-48f0-4a13-98b6-857b52c04959}</UniqueIdentifier>
    </Filter>
  </ItemGroup>
  <ItemGroup>
    <ClCompile Include="HookService.cpp">
      <Filter>Source Files</Filter>
    </ClCompile>
    <ClCompile Include="MainFrame.cpp">
      <Filter>Source Files</Filter>
    </ClCompile>
    <ClCompile Include="RMO.cpp">
      <Filter>Source Files</Filter>
    </ClCompile>
    <ClCompile Include="RMOClientPipe.cpp">
      <Filter>Source Files</Filter>
    </ClCompile>
    <ClCompile Include="RMODlg.cpp">
      <Filter>Source Files</Filter>
    </ClCompile>
    <ClCompile Include="StdAfx.cpp">
      <Filter>Source Files</Filter>
    </ClCompile>
    <ClCompile Include="..\TBinaryData.cpp">
      <Filter>Helpers</Filter>
    </ClCompile>
    <ClCompile Include="..\Thread.cpp">
      <Filter>Helpers</Filter>
    </ClCompile>
    <ClCompile Include="..\TUIList.cpp">
      <Filter>Helpers</Filter>
    </ClCompile>
    <ClCompile Include="..\TZSSString.cpp">
      <Filter>Helpers</Filter>
    </ClCompile>
    <ClCompile Include="..\TestClientPipe\ClientNamedPipe.cpp">
      <Filter>ClientHelpers</Filter>
    </ClCompile>
  </ItemGroup>
  <ItemGroup>
    <ResourceCompile Include="RMO.rc">
      <Filter>Source Files</Filter>
    </ResourceCompile>
  </ItemGroup>
  <ItemGroup>
    <ClInclude Include="HookService.h">
      <Filter>Header Files</Filter>
    </ClInclude>
    <ClInclude Include="MainFrame.h">
      <Filter>Header Files</Filter>
    </ClInclude>
    <ClInclude Include="Resource.h">
      <Filter>Header Files</Filter>
    </ClInclude>
    <ClInclude Include="RMO.h">
      <Filter>Header Files</Filter>
    </ClInclude>
    <ClInclude Include="RMOClientPipe.h">
      <Filter>Header Files</Filter>
    </ClInclude>
    <ClInclude Include="RMODlg.h">
      <Filter>Header Files</Filter>
    </ClInclude>
    <ClInclude Include="..\SRVCOMDEFINES.h">
      <Filter>Header Files</Filter>
    </ClInclude>
    <ClInclude Include="StdAfx.h">
      <Filter>Header Files</Filter>
    </ClInclude>
    <ClInclude Include="..\TFixedSizeBinaryData.hxx">
      <Filter>Helpers</Filter>
    </ClInclude>
    <ClInclude Include="..\Thread.h">
      <Filter>Helpers</Filter>
    </ClInclude>
    <ClInclude Include="..\TUIList.h">
      <Filter>Helpers</Filter>
    </ClInclude>
    <ClInclude Include="..\TZSSString.h">
      <Filter>Helpers</Filter>
    </ClInclude>
    <ClInclude Include="..\WSDEFINES.h">
      <Filter>Helpers</Filter>
    </ClInclude>
    <ClInclude Include="..\TestClientPipe\ClientNamedPipe.h">
      <Filter>ClientHelpers</Filter>
    </ClInclude>
  </ItemGroup>
  <ItemGroup>
    <Image Include="res\PHONE07.ICO">
      <Filter>Resource Files</Filter>
    </Image>
    <Image Include="res\RMO.ico">
      <Filter>Resource Files</Filter>
    </Image>
  </ItemGroup>
  <ItemGroup>
    <None Include="res\RMO.rc2">
      <Filter>Resource Files</Filter>
    </None>
  </ItemGroup>
  <ItemGroup>
    <Text Include="ReadMe.txt" />
  </ItemGroup>
</Project>